<?xml version="1.0" encoding="utf-8"?>
<Project ToolsVersion="4.0" xmlns="http://schemas.microsoft.com/developer/msbuild/2003">
  <ItemGroup>
    <Filter Include="Source Files">
      <UniqueIdentifier>{4FC737F1-C7A5-4376-A066-2A32D752A2FF}</UniqueIdentifier>
      <Extensions>cpp;c;cc;cxx;c++;cppm;ixx</Extensions>
    </Filter>
    <Filter Include="Header Files">
      <UniqueIdentifier>{93995380-89BD-4B04-88EB-625FBE52EBFB}</UniqueIdentifier>
      <Extensions>h;hh;hpp;hxx;inl</Extensions>
    </Filter>
  </ItemGroup>
  <ItemGroup>
    <ClCompile Include="main.cpp">
      <Filter>Source Files</Filter>
    </ClCompile>
    <ClCompile Include="Presentation\Scenes\TestStage.cpp">
      <Filter>Source Files</Filter>
    </ClCompile>
    <ClCompile Include="Presentation\Scenes\ModelTestScene.cpp">
      <Filter>Source Files</Filter>
    </ClCompile>
    <ClCompile Include="Presentation\Scenes\TitleScene.cpp">
      <Filter>Source Files</Filter>
    </ClCompile>
    <ClCompile Include="Presentation\TitleScene\TitleSceneColumn.cpp">
      <Filter>Source Files</Filter>
    </ClCompile>
    <ClCompile Include="Presentation\CreditScene\CreditSceneContent.cpp">
      <Filter>Source Files</Filter>
    </ClCompile>
    <ClCompile Include="Presentation\CreditScene\CreditContentController.cpp">
      <Filter>Source Files</Filter>
    </ClCompile>
    <ClCompile Include="Presentation\CreditScene\CreditContentPresenter.cpp">
      <Filter>Source Files</Filter>
    </ClCompile>
    <ClCompile Include="Infrastructure\ExternalServices\TextRenderingService.cpp">
      <Filter>Source Files</Filter>
    </ClCompile>
    <ClCompile Include="Infrastructure\ExternalServices\D3D12RenderingService.cpp">
      <Filter>Source Files</Filter>
    </ClCompile>
    <ClCompile Include="Infrastructure\ExternalServices\InputService.cpp">
      <Filter>Source Files</Filter>
    </ClCompile>
    <ClCompile Include="Infrastructure\ExternalServices\Win32WindowService.cpp">
      <Filter>Source Files</Filter>
    </ClCompile>
    <ClCompile Include="Infrastructure\ExternalServices\AudioService.cpp">
      <Filter>Source Files</Filter>
    </ClCompile>
    <ClCompile Include="Infrastructure\ExternalServices\MMLParser.cpp">
      <Filter>Source Files</Filter>
    </ClCompile>
    <ClCompile Include="Infrastructure\ExternalServices\SynthWaveGenerator.cpp">
      <Filter>Source Files</Filter>
    </ClCompile>
    <ClCompile Include="Infrastructure\ExternalServices\SfxrGenerator.cpp">
      <Filter>Source Files</Filter>
    </ClCompile>
  </ItemGroup>
  <ItemGroup>
    <None Include=".agents\AGENTS.md" />
    <None Include="Shaders\ObjectShader.hlsl" />
    <None Include="Shaders\BackgroundShader.hlsl" />
    <None Include="Shaders\SpellCircleShader.hlsl" />
    <None Include="Shaders\TextShader.hlsl" />
  </ItemGroup>
  <ItemGroup>
    <ClInclude Include="Domain\ValueObjects\SceneType.h">
      <Filter>Header Files</Filter>
    </ClInclude>
    <ClInclude Include="Domain\ValueObjects\SceneSharedData.h">
      <Filter>Header Files</Filter>
    </ClInclude>
    <ClInclude Include="Application\Interfaces\IScene.h">
      <Filter>Header Files</Filter>
    </ClInclude>
    <ClInclude Include="Application\UseCases\SceneManager.h">
      <Filter>Header Files</Filter>
    </ClInclude>
    <ClInclude Include="Presentation\Scenes\TestStage.h">
      <Filter>Header Files</Filter>
    </ClInclude>
    <ClInclude Include="Presentation\Scenes\ModelTestScene.h">
      <Filter>Header Files</Filter>
    </ClInclude>
    <ClInclude Include="Presentation\Scenes\TitleScene.h">
      <Filter>Header Files</Filter>
    </ClInclude>
    <ClInclude Include="Presentation\TitleScene\TitleSceneColumn.h">
      <Filter>Header Files</Filter>
    </ClInclude>
    <ClInclude Include="Presentation\CreditScene\CreditSceneColumn.h">
      <Filter>Header Files</Filter>
    </ClInclude>
    <ClInclude Include="Presentation\CreditScene\CreditSceneContent.h">
      <Filter>Header Files</Filter>
    </ClInclude>
    <ClInclude Include="Presentation\CreditScene\CreditContentController.h">
      <Filter>Header Files</Filter>
    </ClInclude>
    <ClInclude Include="Presentation\CreditScene\CreditContentPresenter.h">
      <Filter>Header Files</Filter>
    </ClInclude>
    <ClInclude Include="Domain\ValueObjects\CharacterASCIIData.h">
      <Filter>Header Files</Filter>
    </ClInclude>
    <ClInclude Include="Infrastructure\ExternalServices\D3D12RenderingService.h">
      <Filter>Header Files</Filter>
    </ClInclude>
    <ClInclude Include="Infrastructure\ExternalServices\InputService.h">
      <Filter>Header Files</Filter>
    </ClInclude>
    <ClInclude Include="Infrastructure\ExternalServices\TextRenderingService.h">
      <Filter>Header Files</Filter>
    </ClInclude>
    <ClInclude Include="Infrastructure\ExternalServices\Win32WindowService.h">
      <Filter>Header Files</Filter>
    </ClInclude>
    <ClInclude Include="Infrastructure\ExternalServices\AudioService.h">
      <Filter>Header Files</Filter>
    </ClInclude>
    <ClInclude Include="Infrastructure\ExternalServices\MMLParser.h">
      <Filter>Header Files</Filter>
    </ClInclude>
    <ClInclude Include="Infrastructure\ExternalServices\SynthWaveGenerator.h">
      <Filter>Header Files</Filter>
    </ClInclude>
    <ClInclude Include="Infrastructure\ExternalServices\SfxrGenerator.h">
      <Filter>Header Files</Filter>
    </ClInclude>
    <ClInclude Include="Temp\Bullet.h">
      <Filter>Header Files</Filter>
    </ClInclude>
    <ClInclude Include="Temp\Enemy.h">
      <Filter>Header Files</Filter>
    </ClInclude>
    <ClInclude Include="Temp\Player.h">
      <Filter>Header Files</Filter>
    </ClInclude>
    <ClInclude Include="Temp\ShootingGame.h">
      <Filter>Header Files</Filter>
    </ClInclude>
  </ItemGroup>
</Project>
