Microsoft Visual Studio Solution File, Format Version 12.00
# Visual Studio Version 18
VisualStudioVersion = 18.0.0.0
MinimumVisualStudioVersion = 10.0.40219.1
Project("{BC8A1FFA-BEE3-4634-8014-F334798102B3}") = "FloppyEngine", "FloppyEngine.vcxproj", "{F74A5C71-516B-4F98-A533-C663E20E93DE}"
EndProject
Project("{BC8A1FFA-BEE3-4634-8014-F334798102B3}") = "FloppyDiskShootingGame", "FloppyDiskShootingGame.vcxproj", "{A20952DB-394A-4EA0-B057-62888D1E400F}"
EndProject
Project("{BC8A1FFA-BEE3-4634-8014-F334798102B3}") = "FloppyEngine.Tests", "FloppyEngine.Tests.vcxproj", "{D4CFB42C-9A31-4DA6-8A65-3C7A8B8C92C2}"
EndProject
Global
	GlobalSection(SolutionConfigurationPlatforms) = preSolution
		Debug|x64 = Debug|x64
		Debug|x86 = Debug|x86
		Release|x64 = Release|x64
		Release|x86 = Release|x86
		FloppyDebug|x64 = FloppyDebug|x64
		FloppyDebug|x86 = FloppyDebug|x86
		FloppyRelease|x64 = FloppyRelease|x64
		FloppyRelease|x86 = FloppyRelease|x86
		OnlineDebug|x64 = OnlineDebug|x64
		OnlineDebug|x86 = OnlineDebug|x86
		OnlineRelease|x64 = OnlineRelease|x64
		OnlineRelease|x86 = OnlineRelease|x86
		SteamDebug|x64 = SteamDebug|x64
		SteamDebug|x86 = SteamDebug|x86
		SteamRelease|x64 = SteamRelease|x64
		SteamRelease|x86 = SteamRelease|x86
	EndGlobalSection
	GlobalSection(ProjectConfigurationPlatforms) = postSolution
		{F74A5C71-516B-4F98-A533-C663E20E93DE}.Debug|x64.ActiveCfg = Debug|x64
		{F74A5C71-516B-4F98-A533-C663E20E93DE}.Debug|x64.Build.0 = Debug|x64
		{F74A5C71-516B-4F98-A533-C663E20E93DE}.Debug|x86.ActiveCfg = Debug|Win32
		{F74A5C71-516B-4F98-A533-C663E20E93DE}.Debug|x86.Build.0 = Debug|Win32
		{F74A5C71-516B-4F98-A533-C663E20E93DE}.Release|x64.ActiveCfg = Release|x64
		{F74A5C71-516B-4F98-A533-C663E20E93DE}.Release|x64.Build.0 = Release|x64
		{F74A5C71-516B-4F98-A533-C663E20E93DE}.Release|x86.ActiveCfg = Release|Win32
		{F74A5C71-516B-4F98-A533-C663E20E93DE}.Release|x86.Build.0 = Release|Win32
		{F74A5C71-516B-4F98-A533-C663E20E93DE}.FloppyDebug|x64.ActiveCfg = FloppyDebug|x64
		{F74A5C71-516B-4F98-A533-C663E20E93DE}.FloppyDebug|x64.Build.0 = FloppyDebug|x64
		{F74A5C71-516B-4F98-A533-C663E20E93DE}.FloppyDebug|x86.ActiveCfg = FloppyDebug|Win32
		{F74A5C71-516B-4F98-A533-C663E20E93DE}.FloppyDebug|x86.Build.0 = FloppyDebug|Win32
		{F74A5C71-516B-4F98-A533-C663E20E93DE}.FloppyRelease|x64.ActiveCfg = FloppyRelease|x64
		{F74A5C71-516B-4F98-A533-C663E20E93DE}.FloppyRelease|x64.Build.0 = FloppyRelease|x64
		{F74A5C71-516B-4F98-A533-C663E20E93DE}.FloppyRelease|x86.ActiveCfg = FloppyRelease|Win32
		{F74A5C71-516B-4F98-A533-C663E20E93DE}.FloppyRelease|x86.Build.0 = FloppyRelease|Win32
		{F74A5C71-516B-4F98-A533-C663E20E93DE}.OnlineDebug|x64.ActiveCfg = OnlineDebug|x64
		{F74A5C71-516B-4F98-A533-C663E20E93DE}.OnlineDebug|x64.Build.0 = OnlineDebug|x64
		{F74A5C71-516B-4F98-A533-C663E20E93DE}.OnlineDebug|x86.ActiveCfg = OnlineDebug|Win32
		{F74A5C71-516B-4F98-A533-C663E20E93DE}.OnlineDebug|x86.Build.0 = OnlineDebug|Win32
		{F74A5C71-516B-4F98-A533-C663E20E93DE}.OnlineRelease|x64.ActiveCfg = OnlineRelease|x64
		{F74A5C71-516B-4F98-A533-C663E20E93DE}.OnlineRelease|x64.Build.0 = OnlineRelease|x64
		{F74A5C71-516B-4F98-A533-C663E20E93DE}.OnlineRelease|x86.ActiveCfg = OnlineRelease|Win32
		{F74A5C71-516B-4F98-A533-C663E20E93DE}.OnlineRelease|x86.Build.0 = OnlineRelease|Win32
		{F74A5C71-516B-4F98-A533-C663E20E93DE}.SteamDebug|x64.ActiveCfg = SteamDebug|x64
		{F74A5C71-516B-4F98-A533-C663E20E93DE}.SteamDebug|x64.Build.0 = SteamDebug|x64
		{F74A5C71-516B-4F98-A533-C663E20E93DE}.SteamDebug|x86.ActiveCfg = SteamDebug|Win32
		{F74A5C71-516B-4F98-A533-C663E20E93DE}.SteamDebug|x86.Build.0 = SteamDebug|Win32
		{F74A5C71-516B-4F98-A533-C663E20E93DE}.SteamRelease|x64.ActiveCfg = SteamRelease|x64
		{F74A5C71-516B-4F98-A533-C663E20E93DE}.SteamRelease|x64.Build.0 = SteamRelease|x64
		{F74A5C71-516B-4F98-A533-C663E20E93DE}.SteamRelease|x86.ActiveCfg = SteamRelease|Win32
		{F74A5C71-516B-4F98-A533-C663E20E93DE}.SteamRelease|x86.Build.0 = SteamRelease|Win32
		{A20952DB-394A-4EA0-B057-62888D1E400F}.Debug|x64.ActiveCfg = Debug|x64
		{A20952DB-394A-4EA0-B057-62888D1E400F}.Debug|x64.Build.0 = Debug|x64
		{A20952DB-394A-4EA0-B057-62888D1E400F}.Debug|x86.ActiveCfg = Debug|Win32
		{A20952DB-394A-4EA0-B057-62888D1E400F}.Debug|x86.Build.0 = Debug|Win32
		{A20952DB-394A-4EA0-B057-62888D1E400F}.Release|x64.ActiveCfg = Release|x64
		{A20952DB-394A-4EA0-B057-62888D1E400F}.Release|x64.Build.0 = Release|x64
		{A20952DB-394A-4EA0-B057-62888D1E400F}.Release|x86.ActiveCfg = Release|Win32
		{A20952DB-394A-4EA0-B057-62888D1E400F}.Release|x86.Build.0 = Release|Win32
		{A20952DB-394A-4EA0-B057-62888D1E400F}.FloppyDebug|x64.ActiveCfg = FloppyDebug|x64
		{A20952DB-394A-4EA0-B057-62888D1E400F}.FloppyDebug|x64.Build.0 = FloppyDebug|x64
		{A20952DB-394A-4EA0-B057-62888D1E400F}.FloppyDebug|x86.ActiveCfg = FloppyDebug|Win32
		{A20952DB-394A-4EA0-B057-62888D1E400F}.FloppyDebug|x86.Build.0 = FloppyDebug|Win32
		{A20952DB-394A-4EA0-B057-62888D1E400F}.FloppyRelease|x64.ActiveCfg = FloppyRelease|x64
		{A20952DB-394A-4EA0-B057-62888D1E400F}.FloppyRelease|x64.Build.0 = FloppyRelease|x64
		{A20952DB-394A-4EA0-B057-62888D1E400F}.FloppyRelease|x86.ActiveCfg = FloppyRelease|Win32
		{A20952DB-394A-4EA0-B057-62888D1E400F}.FloppyRelease|x86.Build.0 = FloppyRelease|Win32
		{A20952DB-394A-4EA0-B057-62888D1E400F}.OnlineDebug|x64.ActiveCfg = OnlineDebug|x64
		{A20952DB-394A-4EA0-B057-62888D1E400F}.OnlineDebug|x64.Build.0 = OnlineDebug|x64
		{A20952DB-394A-4EA0-B057-62888D1E400F}.OnlineDebug|x86.ActiveCfg = OnlineDebug|Win32
		{A20952DB-394A-4EA0-B057-62888D1E400F}.OnlineDebug|x86.Build.0 = OnlineDebug|Win32
		{A20952DB-394A-4EA0-B057-62888D1E400F}.OnlineRelease|x64.ActiveCfg = OnlineRelease|x64
		{A20952DB-394A-4EA0-B057-62888D1E400F}.OnlineRelease|x64.Build.0 = OnlineRelease|x64
		{A20952DB-394A-4EA0-B057-62888D1E400F}.OnlineRelease|x86.ActiveCfg = OnlineRelease|Win32
		{A20952DB-394A-4EA0-B057-62888D1E400F}.OnlineRelease|x86.Build.0 = OnlineRelease|Win32
		{A20952DB-394A-4EA0-B057-62888D1E400F}.SteamDebug|x64.ActiveCfg = SteamDebug|x64
		{A20952DB-394A-4EA0-B057-62888D1E400F}.SteamDebug|x64.Build.0 = SteamDebug|x64
		{A20952DB-394A-4EA0-B057-62888D1E400F}.SteamDebug|x86.ActiveCfg = SteamDebug|Win32
		{A20952DB-394A-4EA0-B057-62888D1E400F}.SteamDebug|x86.Build.0 = SteamDebug|Win32
		{A20952DB-394A-4EA0-B057-62888D1E400F}.SteamRelease|x64.ActiveCfg = SteamRelease|x64
		{A20952DB-394A-4EA0-B057-62888D1E400F}.SteamRelease|x64.Build.0 = SteamRelease|x64
		{A20952DB-394A-4EA0-B057-62888D1E400F}.SteamRelease|x86.ActiveCfg = SteamRelease|Win32
		{A20952DB-394A-4EA0-B057-62888D1E400F}.SteamRelease|x86.Build.0 = SteamRelease|Win32
		{D4CFB42C-9A31-4DA6-8A65-3C7A8B8C92C2}.Debug|x64.ActiveCfg = Debug|x64
		{D4CFB42C-9A31-4DA6-8A65-3C7A8B8C92C2}.Debug|x64.Build.0 = Debug|x64
		{D4CFB42C-9A31-4DA6-8A65-3C7A8B8C92C2}.Debug|x86.ActiveCfg = Debug|x64
		{D4CFB42C-9A31-4DA6-8A65-3C7A8B8C92C2}.Release|x64.ActiveCfg = Release|x64
		{D4CFB42C-9A31-4DA6-8A65-3C7A8B8C92C2}.Release|x64.Build.0 = Release|x64
		{D4CFB42C-9A31-4DA6-8A65-3C7A8B8C92C2}.Release|x86.ActiveCfg = Release|x64
		{D4CFB42C-9A31-4DA6-8A65-3C7A8B8C92C2}.FloppyDebug|x64.ActiveCfg = FloppyDebug|x64
		{D4CFB42C-9A31-4DA6-8A65-3C7A8B8C92C2}.FloppyDebug|x64.Build.0 = FloppyDebug|x64
		{D4CFB42C-9A31-4DA6-8A65-3C7A8B8C92C2}.FloppyDebug|x86.ActiveCfg = FloppyDebug|x64
		{D4CFB42C-9A31-4DA6-8A65-3C7A8B8C92C2}.FloppyRelease|x64.ActiveCfg = FloppyRelease|x64
		{D4CFB42C-9A31-4DA6-8A65-3C7A8B8C92C2}.FloppyRelease|x64.Build.0 = FloppyRelease|x64
		{D4CFB42C-9A31-4DA6-8A65-3C7A8B8C92C2}.FloppyRelease|x86.ActiveCfg = FloppyRelease|x64
		{D4CFB42C-9A31-4DA6-8A65-3C7A8B8C92C2}.OnlineDebug|x64.ActiveCfg = OnlineDebug|x64
		{D4CFB42C-9A31-4DA6-8A65-3C7A8B8C92C2}.OnlineDebug|x64.Build.0 = OnlineDebug|x64
		{D4CFB42C-9A31-4DA6-8A65-3C7A8B8C92C2}.OnlineDebug|x86.ActiveCfg = OnlineDebug|x64
		{D4CFB42C-9A31-4DA6-8A65-3C7A8B8C92C2}.OnlineRelease|x64.ActiveCfg = OnlineRelease|x64
		{D4CFB42C-9A31-4DA6-8A65-3C7A8B8C92C2}.OnlineRelease|x64.Build.0 = OnlineRelease|x64
		{D4CFB42C-9A31-4DA6-8A65-3C7A8B8C92C2}.OnlineRelease|x86.ActiveCfg = OnlineRelease|x64
		{D4CFB42C-9A31-4DA6-8A65-3C7A8B8C92C2}.SteamDebug|x64.ActiveCfg = SteamDebug|x64
		{D4CFB42C-9A31-4DA6-8A65-3C7A8B8C92C2}.SteamDebug|x64.Build.0 = SteamDebug|x64
		{D4CFB42C-9A31-4DA6-8A65-3C7A8B8C92C2}.SteamDebug|x86.ActiveCfg = SteamDebug|x64
		{D4CFB42C-9A31-4DA6-8A65-3C7A8B8C92C2}.SteamRelease|x64.ActiveCfg = SteamRelease|x64
		{D4CFB42C-9A31-4DA6-8A65-3C7A8B8C92C2}.SteamRelease|x64.Build.0 = SteamRelease|x64
		{D4CFB42C-9A31-4DA6-8A65-3C7A8B8C92C2}.SteamRelease|x86.ActiveCfg = SteamRelease|x64
	EndGlobalSection
EndGlobal
