<?xml version="1.0" encoding="utf-8"?>
<Project ToolsVersion="4.0" xmlns="http://schemas.microsoft.com/developer/msbuild/2003">
  <ItemGroup>
    <Filter Include="Source Files">
      <UniqueIdentifier>{4FC737F1-C7A5-4376-A066-2A32D752A2FF}</UniqueIdentifier>
      <Extensions>cpp;c;cc;cxx;c++;cppm;ixx</Extensions>
    </Filter>
    <Filter Include="Header Files">
      <UniqueIdentifier>{93995380-89BD-4B04-88EB-625FBE52EBFB}</UniqueIdentifier>
      <Extensions>h;hh;hpp;hxx;inl</Extensions>
    </Filter>
  </ItemGroup>
  <ItemGroup>
    <ClCompile Include="main.cpp">
      <Filter>Source Files</Filter>
    </ClCompile>
    <ClCompile Include="Presentation\Gameplay\SideScrollingShooterCombat.cpp">
      <Filter>Source Files</Filter>
    </ClCompile>
    <ClCompile Include="Presentation\Gameplay\SideScrollingShooterRendering.cpp">
      <Filter>Source Files</Filter>
    </ClCompile>
    <ClCompile Include="Presentation\Gameplay\SideScrollingShooterBackgrounds.cpp">
      <Filter>Source Files</Filter>
    </ClCompile>
    <ClCompile Include="Presentation\Gameplay\Stages\Common\StageDispatch.cpp">
      <Filter>Source Files</Filter>
    </ClCompile>
    <ClCompile Include="Presentation\Gameplay\Stages\Common\CityBackgroundModule.cpp">
      <Filter>Source Files</Filter>
    </ClCompile>
    <ClCompile Include="Presentation\Gameplay\Stages\Stage1\Stage1Module.cpp">
      <Filter>Source Files</Filter>
    </ClCompile>
    <ClCompile Include="Presentation\Gameplay\Stages\Stage2\Stage2Module.cpp">
      <Filter>Source Files</Filter>
    </ClCompile>
    <ClCompile Include="Presentation\Gameplay\Stages\Stage2\Stage2Rendering.cpp">
      <Filter>Source Files</Filter>
    </ClCompile>
    <ClCompile Include="Presentation\Gameplay\Stages\Stage3\Stage3Module.cpp">
      <Filter>Source Files</Filter>
    </ClCompile>
    <ClCompile Include="Presentation\Gameplay\Stages\Stage4\Stage4Module.cpp">
      <Filter>Source Files</Filter>
    </ClCompile>
    <ClCompile Include="Presentation\Gameplay\Stages\Stage5\Stage5Module.cpp">
      <Filter>Source Files</Filter>
    </ClCompile>
    <ClCompile Include="Presentation\Gameplay\Stages\Stage5\Stage5Rendering.cpp">
      <Filter>Source Files</Filter>
    </ClCompile>
    <ClCompile Include="Presentation\Scenes\TestStage.cpp">
      <Filter>Source Files</Filter>
    </ClCompile>
    <ClCompile Include="Presentation\Scenes\GalleryScene.cpp">
      <Filter>Source Files</Filter>
    </ClCompile>
    <ClCompile Include="Presentation\Scenes\TitleScene.cpp">
      <Filter>Source Files</Filter>
    </ClCompile>
    <ClCompile Include="Presentation\Scenes\StoryScene.cpp">
      <Filter>Source Files</Filter>
    </ClCompile>
    <ClCompile Include="Presentation\Scenes\EndingScene.cpp">
      <Filter>Source Files</Filter>
    </ClCompile>
    <ClCompile Include="Presentation\Scenes\RankingScene.cpp">
      <Filter>Source Files</Filter>
    </ClCompile>
    <ClCompile Include="Infrastructure\Repositories\ScoreRepository.cpp">
      <Filter>Source Files</Filter>
    </ClCompile>
    <ClCompile Include="Infrastructure\Repositories\SettingsRepository.cpp">
      <Filter>Source Files</Filter>
    </ClCompile>
    <ClCompile Include="Presentation\TitleScene\TitleSceneColumn.cpp">
      <Filter>Source Files</Filter>
    </ClCompile>
    <ClCompile Include="Presentation\CreditScene\CreditSceneContent.cpp">
      <Filter>Source Files</Filter>
    </ClCompile>
    <ClCompile Include="Presentation\CreditScene\CreditContentController.cpp">
      <Filter>Source Files</Filter>
    </ClCompile>
    <ClCompile Include="Presentation\CreditScene\CreditContentPresenter.cpp">
      <Filter>Source Files</Filter>
    </ClCompile>
    <ClCompile Include="Infrastructure\ExternalServices\TextRenderingService.cpp">
      <Filter>Source Files</Filter>
    </ClCompile>
    <ClCompile Include="Infrastructure\ExternalServices\D3D12RenderingService.cpp">
      <Filter>Source Files</Filter>
    </ClCompile>
    <ClCompile Include="Infrastructure\ExternalServices\InputService.cpp">
      <Filter>Source Files</Filter>
    </ClCompile>
    <ClCompile Include="Infrastructure\ExternalServices\Win32WindowService.cpp">
      <Filter>Source Files</Filter>
    </ClCompile>
    <ClCompile Include="Infrastructure\ExternalServices\AudioService.cpp">
      <Filter>Source Files</Filter>
    </ClCompile>
    <ClCompile Include="Infrastructure\ExternalServices\MMLParser.cpp">
      <Filter>Source Files</Filter>
    </ClCompile>
    <ClCompile Include="Infrastructure\ExternalServices\SynthWaveGenerator.cpp">
      <Filter>Source Files</Filter>
    </ClCompile>
    <ClCompile Include="Infrastructure\ExternalServices\SfxrGenerator.cpp">
      <Filter>Source Files</Filter>
    </ClCompile>
  </ItemGroup>
  <ItemGroup>
    <None Include=".agents\AGENTS.md" />
    <None Include="Shaders\ObjectShader.hlsl" />
    <None Include="Shaders\BackgroundShader.hlsl" />
    <None Include="Shaders\SpellCircleShader.hlsl" />
    <None Include="Shaders\TextShader.hlsl" />
    <None Include="Shaders\PixelUpscaleShader.hlsl" />
  </ItemGroup>
  <ItemGroup>
    <ClInclude Include="Domain\ValueObjects\SceneType.h">
      <Filter>Header Files</Filter>
    </ClInclude>
    <ClInclude Include="Domain\ValueObjects\GalleryEntry.h">
      <Filter>Header Files</Filter>
    </ClInclude>
    <ClInclude Include="Domain\ValueObjects\SceneSharedData.h">
      <Filter>Header Files</Filter>
    </ClInclude>
    <ClInclude Include="Application\Interfaces\IScene.h">
      <Filter>Header Files</Filter>
    </ClInclude>
    <ClInclude Include="Application\UseCases\SceneManager.h">
      <Filter>Header Files</Filter>
    </ClInclude>
    <ClInclude Include="Presentation\Scenes\TestStage.h">
      <Filter>Header Files</Filter>
    </ClInclude>
    <ClInclude Include="Presentation\Scenes\GalleryScene.h">
      <Filter>Header Files</Filter>
    </ClInclude>
    <ClInclude Include="Presentation\Gameplay\Models\AircraftModelView.h">
      <Filter>Header Files</Filter>
    </ClInclude>
    <ClInclude Include="Presentation\Gameplay\Models\LegacyBossModelView.h">
      <Filter>Header Files</Filter>
    </ClInclude>
    <ClInclude Include="Presentation\Scenes\TitleScene.h">
      <Filter>Header Files</Filter>
    </ClInclude>
    <ClInclude Include="Presentation\Scenes\StoryScene.h">
      <Filter>Header Files</Filter>
    </ClInclude>
    <ClInclude Include="Presentation\Scenes\EndingScene.h">
      <Filter>Header Files</Filter>
    </ClInclude>
    <ClInclude Include="Presentation\Scenes\RankingScene.h">
      <Filter>Header Files</Filter>
    </ClInclude>
    <ClInclude Include="Infrastructure\Repositories\ScoreRepository.h">
      <Filter>Header Files</Filter>
    </ClInclude>
    <ClInclude Include="Infrastructure\Repositories\SettingsRepository.h">
      <Filter>Header Files</Filter>
    </ClInclude>
    <ClInclude Include="Infrastructure\Repositories\UserDataPath.h">
      <Filter>Header Files</Filter>
    </ClInclude>
    <ClInclude Include="Presentation\TitleScene\TitleSceneColumn.h">
      <Filter>Header Files</Filter>
    </ClInclude>
    <ClInclude Include="Presentation\CreditScene\CreditSceneColumn.h">
      <Filter>Header Files</Filter>
    </ClInclude>
    <ClInclude Include="Presentation\CreditScene\CreditSceneContent.h">
      <Filter>Header Files</Filter>
    </ClInclude>
    <ClInclude Include="Presentation\CreditScene\CreditContentController.h">
      <Filter>Header Files</Filter>
    </ClInclude>
    <ClInclude Include="Presentation\CreditScene\CreditContentPresenter.h">
      <Filter>Header Files</Filter>
    </ClInclude>
    <ClInclude Include="Domain\ValueObjects\CharacterASCIIData.h">
      <Filter>Header Files</Filter>
    </ClInclude>
    <ClInclude Include="Infrastructure\ExternalServices\D3D12RenderingService.h">
      <Filter>Header Files</Filter>
    </ClInclude>
    <ClInclude Include="Infrastructure\ExternalServices\InputService.h">
      <Filter>Header Files</Filter>
    </ClInclude>
    <ClInclude Include="Infrastructure\ExternalServices\TextRenderingService.h">
      <Filter>Header Files</Filter>
    </ClInclude>
    <ClInclude Include="Infrastructure\ExternalServices\Win32WindowService.h">
      <Filter>Header Files</Filter>
    </ClInclude>
    <ClInclude Include="Infrastructure\ExternalServices\AudioService.h">
      <Filter>Header Files</Filter>
    </ClInclude>
    <ClInclude Include="Infrastructure\ExternalServices\MMLParser.h">
      <Filter>Header Files</Filter>
    </ClInclude>
    <ClInclude Include="Infrastructure\ExternalServices\SynthWaveGenerator.h">
      <Filter>Header Files</Filter>
    </ClInclude>
    <ClInclude Include="Infrastructure\ExternalServices\SfxrGenerator.h">
      <Filter>Header Files</Filter>
    </ClInclude>
    <ClInclude Include="Temp\Bullet.h">
      <Filter>Header Files</Filter>
    </ClInclude>
    <ClInclude Include="Temp\Enemy.h">
      <Filter>Header Files</Filter>
    </ClInclude>
    <ClInclude Include="Temp\Player.h">
      <Filter>Header Files</Filter>
    </ClInclude>
    <ClInclude Include="Temp\ShootingGame.h">
      <Filter>Header Files</Filter>
    </ClInclude>
    <ClInclude Include="Presentation\Gameplay\Stages\Stage1\Stage1Story.h">
      <Filter>Header Files</Filter>
    </ClInclude>
    <ClInclude Include="Presentation\Gameplay\Stages\Stage1\Stage1EnemySheet.h">
      <Filter>Header Files</Filter>
    </ClInclude>
    <ClInclude Include="Presentation\Gameplay\Stages\Stage1\Stage1EnemySheetEasy.h">
      <Filter>Header Files</Filter>
    </ClInclude>
    <ClInclude Include="Presentation\Gameplay\Stages\Stage1\Stage1EnemySheetHard.h">
      <Filter>Header Files</Filter>
    </ClInclude>
    <ClInclude Include="Presentation\Gameplay\Stages\Stage1\Stage1EnemySheetNormal.h">
      <Filter>Header Files</Filter>
    </ClInclude>
    <ClInclude Include="Presentation\Gameplay\Stages\Stage2\Stage2EnemySheet.h">
      <Filter>Header Files</Filter>
    </ClInclude>
    <ClInclude Include="Presentation\Gameplay\Stages\Stage2\Stage2EnemySheetEasy.h">
      <Filter>Header Files</Filter>
    </ClInclude>
    <ClInclude Include="Presentation\Gameplay\Stages\Stage2\Stage2EnemySheetHard.h">
      <Filter>Header Files</Filter>
    </ClInclude>
    <ClInclude Include="Presentation\Gameplay\Stages\Stage2\Stage2EnemySheetNormal.h">
      <Filter>Header Files</Filter>
    </ClInclude>
    <ClInclude Include="Presentation\Gameplay\Stages\Stage4\Stage4EnemySheet.h">
      <Filter>Header Files</Filter>
    </ClInclude>
    <ClInclude Include="Presentation\Gameplay\Stages\Stage2\Stage2BossModelView.h">
      <Filter>Header Files</Filter>
    </ClInclude>
    <ClInclude Include="Presentation\Gameplay\Stages\Stage4\Stage4BossModelView.h">
      <Filter>Header Files</Filter>
    </ClInclude>
    <ClInclude Include="Presentation\Gameplay\Stages\Stage4\Stage4WeaponDroneView.h">
      <Filter>Header Files</Filter>
    </ClInclude>
    <ClInclude Include="Presentation\Gameplay\Stages\Stage3\Stage3BossModelView.h">
      <Filter>Header Files</Filter>
    </ClInclude>
    <ClInclude Include="Presentation\Gameplay\Stages\Stage3\Stage3BarrierCageView.h">
      <Filter>Header Files</Filter>
    </ClInclude>
    <ClInclude Include="Presentation\Gameplay\Stages\Stage3\Stage3FunnelModelView.h">
      <Filter>Header Files</Filter>
    </ClInclude>
    <ClInclude Include="Presentation\Gameplay\Stages\Stage5\Stage5ModelView.h">
      <Filter>Header Files</Filter>
    </ClInclude>
    <ClInclude Include="Presentation\Gameplay\SideScrollingShooterShared.h">
      <Filter>Header Files</Filter>
    </ClInclude>
    <ClInclude Include="Presentation\Gameplay\Stages\Common\StageDispatch.h">
      <Filter>Header Files</Filter>
    </ClInclude>
    <ClInclude Include="Presentation\Gameplay\Stages\Common\StageDefinition.h">
      <Filter>Header Files</Filter>
    </ClInclude>
    <ClInclude Include="Presentation\Gameplay\Stages\Common\BossStory.h">
      <Filter>Header Files</Filter>
    </ClInclude>
    <ClInclude Include="Presentation\Gameplay\Stages\Common\BossModelTransform.h">
      <Filter>Header Files</Filter>
    </ClInclude>
    <ClInclude Include="Presentation\Gameplay\Stages\Common\CityBackgroundModule.h">
      <Filter>Header Files</Filter>
    </ClInclude>
    <ClInclude Include="Presentation\Gameplay\Stages\Stage1\Stage1Module.h">
      <Filter>Header Files</Filter>
    </ClInclude>
    <ClInclude Include="Presentation\Gameplay\Stages\Stage1\Stage1State.h">
      <Filter>Header Files</Filter>
    </ClInclude>
    <ClInclude Include="Presentation\Gameplay\Stages\Stage2\Stage2State.h">
      <Filter>Header Files</Filter>
    </ClInclude>
    <ClInclude Include="Presentation\Gameplay\Stages\Stage2\Stage2Module.h">
      <Filter>Header Files</Filter>
    </ClInclude>
    <ClInclude Include="Presentation\Gameplay\Stages\Stage2\Stage2Story.h">
      <Filter>Header Files</Filter>
    </ClInclude>
    <ClInclude Include="Presentation\Gameplay\Stages\Stage3\Stage3Module.h">
      <Filter>Header Files</Filter>
    </ClInclude>
    <ClInclude Include="Presentation\Gameplay\Stages\Stage3\Stage3State.h" />
    <ClInclude Include="Presentation\Gameplay\Stages\Stage3\Stage3Story.h">
      <Filter>Header Files</Filter>
    </ClInclude>
    <ClInclude Include="Presentation\Gameplay\Stages\Stage4\Stage4Module.h">
      <Filter>Header Files</Filter>
    </ClInclude>
    <ClInclude Include="Presentation\Gameplay\Stages\Stage4\Stage4State.h">
      <Filter>Header Files</Filter>
    </ClInclude>
    <ClInclude Include="Presentation\Gameplay\Stages\Stage4\Stage4Story.h">
      <Filter>Header Files</Filter>
    </ClInclude>
    <ClInclude Include="Presentation\Gameplay\Stages\Stage5\Stage5State.h">
      <Filter>Header Files</Filter>
    </ClInclude>
    <ClInclude Include="Presentation\Gameplay\Stages\Stage5\Stage5Module.h">
      <Filter>Header Files</Filter>
    </ClInclude>
    <ClInclude Include="Presentation\Gameplay\Stages\Stage5\Stage5Story.h">
      <Filter>Header Files</Filter>
    </ClInclude>
    <ClInclude Include="Presentation\Gameplay\SideScrollingShooterEnemies.h">
      <Filter>Header Files</Filter>
    </ClInclude>
  </ItemGroup>
</Project>
